<?xml version="1.0" encoding="UTF-8" standalone="yes" ?>
<CodeBlocks_project_file>
	<FileVersion major="1" minor="6" />
	<Project>
		<Option title="tp2" />
		<Option pch_mode="2" />
		<Option compiler="gcc" />
		<Build>
			<Target title="Debug">
				<Option output="bin/Debug/tp2" prefix_auto="1" extension_auto="1" />
				<Option object_output="obj/Debug/" />
				<Option type="0" />
				<Option compiler="gcc" />
				<Option projectLinkerOptionsRelation="2" />
				<Compiler>
					<Add option="-std=c++1y" />
					<Add option="-g" />
					<Add option="`pkg-config --cflags`" />
					<Add directory="./" />
					<Add directory="../tp2" />
					<Add directory="include" />
					<Add directory="C:/wxWidgets-3.1.1/include" />
				</Compiler>
				<Linker>
					<Add option="`pkg-config --libs opencv`" />
				</Linker>
			</Target>
			<Target title="Release">
				<Option output="bin/Release/tp2" prefix_auto="1" extension_auto="1" />
				<Option object_output="obj/Release/" />
				<Option type="0" />
				<Option compiler="gcc" />
				<Option projectLinkerOptionsRelation="2" />
				<Compiler>
					<Add option="-O2" />
					<Add directory="./" />
					<Add directory="../tp2" />
					<Add directory="include" />
					<Add directory="C:/wxWidgets-3.1.1/include" />
				</Compiler>
				<Linker>
					<Add option="-s" />
				</Linker>
			</Target>
		</Build>
		<Compiler>
			<Add option="-Wall" />
			<Add option="-std=c++1y" />
			<Add option="`wx-config --cxxflags`" />
			<Add option="`wx-config --libs`" />
			<Add option="`wx-config --cflags`" />
			<Add directory="C:/wxWidgets-3.1.1/lib/gcc_dll/mswu" />
			<Add directory="C:/opencv/build/include" />
			<Add directory="C:/opencv/build/x64/mingw/install/include" />
		</Compiler>
		<Linker>
			<Add option="`wx-config --libs`" />
			<Add option="`pkg-config --libs opencv`" />
			<Add library="C:/wxWidgets-3.1.1/lib/gcc_dll/libwxexpat.a" />
			<Add library="C:/wxWidgets-3.1.1/lib/gcc_dll/libwxjpeg.a" />
			<Add library="C:/wxWidgets-3.1.1/lib/gcc_dll/libwxmsw31u.a" />
			<Add library="C:/wxWidgets-3.1.1/lib/gcc_dll/libwxmsw31u_gl.a" />
			<Add library="C:/wxWidgets-3.1.1/lib/gcc_dll/libwxpng.a" />
			<Add library="C:/wxWidgets-3.1.1/lib/gcc_dll/libwxregexu.a" />
			<Add library="C:/wxWidgets-3.1.1/lib/gcc_dll/libwxscintilla.a" />
			<Add library="C:/wxWidgets-3.1.1/lib/gcc_dll/libwxtiff.a" />
			<Add library="C:/wxWidgets-3.1.1/lib/gcc_dll/libwxzlib.a" />
			<Add library="C:/opencv/build/x64/mingw/lib/libopencv_calib3d_pch_dephelp.a" />
			<Add library="C:/opencv/build/x64/mingw/lib/libopencv_core_pch_dephelp.a" />
			<Add library="C:/opencv/build/x64/mingw/lib/libopencv_dnn_pch_dephelp.a" />
			<Add library="C:/opencv/build/x64/mingw/lib/libopencv_features2d_pch_dephelp.a" />
			<Add library="C:/opencv/build/x64/mingw/lib/libopencv_flann_pch_dephelp.a" />
			<Add library="C:/opencv/build/x64/mingw/lib/libopencv_highgui_pch_dephelp.a" />
			<Add library="C:/opencv/build/x64/mingw/lib/libopencv_imgcodecs_pch_dephelp.a" />
			<Add library="C:/opencv/build/x64/mingw/lib/libopencv_imgproc_pch_dephelp.a" />
			<Add library="C:/opencv/build/x64/mingw/lib/libopencv_ml_pch_dephelp.a" />
			<Add library="C:/opencv/build/x64/mingw/lib/libopencv_objdetect_pch_dephelp.a" />
			<Add library="C:/opencv/build/x64/mingw/lib/libopencv_perf_calib3d_pch_dephelp.a" />
			<Add library="C:/opencv/build/x64/mingw/lib/libopencv_perf_core_pch_dephelp.a" />
			<Add library="C:/opencv/build/x64/mingw/lib/libopencv_perf_dnn_pch_dephelp.a" />
			<Add library="C:/opencv/build/x64/mingw/lib/libopencv_perf_features2d_pch_dephelp.a" />
			<Add library="C:/opencv/build/x64/mingw/lib/libopencv_perf_imgcodecs_pch_dephelp.a" />
			<Add library="C:/opencv/build/x64/mingw/lib/libopencv_perf_imgproc_pch_dephelp.a" />
			<Add library="C:/opencv/build/x64/mingw/lib/libopencv_perf_objdetect_pch_dephelp.a" />
			<Add library="C:/opencv/build/x64/mingw/lib/libopencv_perf_photo_pch_dephelp.a" />
			<Add library="C:/opencv/build/x64/mingw/lib/libopencv_perf_stitching_pch_dephelp.a" />
			<Add library="C:/opencv/build/x64/mingw/lib/libopencv_perf_superres_pch_dephelp.a" />
			<Add library="C:/opencv/build/x64/mingw/lib/libopencv_perf_video_pch_dephelp.a" />
			<Add library="C:/opencv/build/x64/mingw/lib/libopencv_perf_videoio_pch_dephelp.a" />
			<Add library="C:/opencv/build/x64/mingw/lib/libopencv_photo_pch_dephelp.a" />
			<Add library="C:/opencv/build/x64/mingw/lib/libopencv_shape_pch_dephelp.a" />
			<Add library="C:/opencv/build/x64/mingw/lib/libopencv_stitching_pch_dephelp.a" />
			<Add library="C:/opencv/build/x64/mingw/lib/libopencv_superres_pch_dephelp.a" />
			<Add library="C:/opencv/build/x64/mingw/lib/libopencv_test_calib3d_pch_dephelp.a" />
			<Add library="C:/opencv/build/x64/mingw/lib/libopencv_test_core_pch_dephelp.a" />
			<Add library="C:/opencv/build/x64/mingw/lib/libopencv_test_dnn_pch_dephelp.a" />
			<Add library="C:/opencv/build/x64/mingw/lib/libopencv_test_features2d_pch_dephelp.a" />
			<Add library="C:/opencv/build/x64/mingw/lib/libopencv_test_flann_pch_dephelp.a" />
			<Add library="C:/opencv/build/x64/mingw/lib/libopencv_test_highgui_pch_dephelp.a" />
			<Add library="C:/opencv/build/x64/mingw/lib/libopencv_test_imgcodecs_pch_dephelp.a" />
			<Add library="C:/opencv/build/x64/mingw/lib/libopencv_test_imgproc_pch_dephelp.a" />
			<Add library="C:/opencv/build/x64/mingw/lib/libopencv_test_ml_pch_dephelp.a" />
			<Add library="C:/opencv/build/x64/mingw/lib/libopencv_test_objdetect_pch_dephelp.a" />
			<Add library="C:/opencv/build/x64/mingw/lib/libopencv_test_photo_pch_dephelp.a" />
			<Add library="C:/opencv/build/x64/mingw/lib/libopencv_test_shape_pch_dephelp.a" />
			<Add library="C:/opencv/build/x64/mingw/lib/libopencv_test_stitching_pch_dephelp.a" />
			<Add library="C:/opencv/build/x64/mingw/lib/libopencv_test_superres_pch_dephelp.a" />
			<Add library="C:/opencv/build/x64/mingw/lib/libopencv_test_video_pch_dephelp.a" />
			<Add library="C:/opencv/build/x64/mingw/lib/libopencv_test_videoio_pch_dephelp.a" />
			<Add library="C:/opencv/build/x64/mingw/lib/libopencv_test_videostab_pch_dephelp.a" />
			<Add library="C:/opencv/build/x64/mingw/lib/libopencv_ts_pch_dephelp.a" />
			<Add library="C:/opencv/build/x64/mingw/lib/libopencv_ts343.a" />
			<Add library="C:/opencv/build/x64/mingw/lib/libopencv_video_pch_dephelp.a" />
			<Add library="C:/opencv/build/x64/mingw/lib/libopencv_videoio_pch_dephelp.a" />
			<Add library="C:/opencv/build/x64/mingw/lib/libopencv_videostab_pch_dephelp.a" />
			<Add directory="C:/wxWidgets-3.1.1/include" />
			<Add directory="C:/opencv/build/x64/mingw/lib" />
		</Linker>
		<Unit filename="MyFrame.cpp" />
		<Unit filename="MyFrame.h" />
		<Unit filename="MyImage.cpp" />
		<Unit filename="MyImage.h" />
		<Unit filename="MyPanel.cpp" />
		<Unit filename="MyPanel.h" />
		<Unit filename="MyPosterizeDialog.cpp" />
		<Unit filename="MyPosterizeDialog.h" />
		<Unit filename="MyRotateDialog.cpp" />
		<Unit filename="MyRotateDialog.h" />
		<Unit filename="MyThresholdDialog.cpp" />
		<Unit filename="MyThresholdDialog.h" />
		<Unit filename="RotatePanel.cpp" />
		<Unit filename="RotatePanel.h" />
		<Unit filename="WebcamStream.cpp" />
		<Unit filename="WebcamStream.h" />
		<Unit filename="tp2App.cpp" />
		<Unit filename="tp2App.h" />
		<Unit filename="tp2Main.cpp" />
		<Unit filename="tp2Main.h" />
		<Extensions>
			<envvars />
			<code_completion />
			<debugger />
			<lib_finder disable_auto="1">
				<lib name="opencv" />
			</lib_finder>
		</Extensions>
	</Project>
</CodeBlocks_project_file>
