<?xml version="1.0" encoding="UTF-8" standalone="yes" ?>
<CodeBlocks_project_file>
	<FileVersion major="1" minor="6" />
	<Project>
		<Option title="tp2" />
		<Option pch_mode="2" />
		<Option compiler="gcc" />
		<Build>
			<Target title="Debug">
				<Option output="bin/Debug/tp2" prefix_auto="1" extension_auto="1" />
				<Option object_output="obj/Debug/" />
				<Option type="0" />
				<Option compiler="gcc" />
				<Option projectLinkerOptionsRelation="2" />
				<Compiler>
					<Add option="-pg" />
					<Add option="-g" />
					<Add option="-std=c++1y" />
					<Add option="`pkg-config --cflags`" />
					<Add directory="./" />
					<Add directory="../tp2" />
					<Add directory="include" />
				</Compiler>
				<Linker>
					<Add option="-pg" />
					<Add option="`pkg-config --libs opencv`" />
				</Linker>
			</Target>
			<Target title="Release">
				<Option output="bin/Release/tp2" prefix_auto="1" extension_auto="1" />
				<Option object_output="obj/Release/" />
				<Option type="0" />
				<Option compiler="gcc" />
				<Option projectLinkerOptionsRelation="2" />
				<Compiler>
					<Add option="-O2" />
					<Add option="-g" />
					<Add directory="./" />
					<Add directory="../tp2" />
					<Add directory="include" />
				</Compiler>
			</Target>
		</Build>
		<Compiler>
			<Add option="-Wall" />
			<Add option="-std=c++14" />
			<Add option="-std=c++1y" />
			<Add option="`wx-config --cxxflags`" />
			<Add option="`wx-config --libs`" />
			<Add option="`wx-config --cflags`" />
		</Compiler>
		<Linker>
			<Add option="`wx-config --libs`" />
			<Add option="`pkg-config --libs opencv`" />
		</Linker>
		<Unit filename="BlurPanel.cpp" />
		<Unit filename="BlurPanel.h" />
		<Unit filename="ContrastePanel.cpp" />
		<Unit filename="ContrastePanel.h" />
		<Unit filename="DoubleBuffer.cpp" />
		<Unit filename="DoubleBuffer.h" />
		<Unit filename="GammaPanel.cpp" />
		<Unit filename="GammaPanel.h" />
		<Unit filename="GeneratePaletteThread.cpp" />
		<Unit filename="GeneratePaletteThread.h" />
		<Unit filename="HuePanel.cpp" />
		<Unit filename="HuePanel.h" />
		<Unit filename="KDTree.cpp" />
		<Unit filename="KDTree.h" />
		<Unit filename="MyFrame.cpp" />
		<Unit filename="MyFrame.h" />
		<Unit filename="MyImage.cpp" />
		<Unit filename="MyImage.h" />
		<Unit filename="MyPanel.cpp" />
		<Unit filename="MyPanel.h" />
		<Unit filename="MyPosterizeDialog.cpp" />
		<Unit filename="MyPosterizeDialog.h" />
		<Unit filename="MyRotateDialog.cpp" />
		<Unit filename="MyRotateDialog.h" />
		<Unit filename="MyThresholdDialog.cpp" />
		<Unit filename="MyThresholdDialog.h" />
		<Unit filename="PosterizePanel.cpp" />
		<Unit filename="PosterizePanel.h" />
		<Unit filename="QuantizationPanel.cpp" />
		<Unit filename="QuantizationPanel.h" />
		<Unit filename="RotatePanel.cpp" />
		<Unit filename="RotatePanel.h" />
		<Unit filename="SaturationPanel.cpp" />
		<Unit filename="SaturationPanel.h" />
		<Unit filename="ThresholdPanel.cpp" />
		<Unit filename="ThresholdPanel.h" />
		<Unit filename="VideoStream.cpp" />
		<Unit filename="VideoStream.h" />
		<Unit filename="oldFunctions.cpp" />
		<Unit filename="tp2App.cpp" />
		<Unit filename="tp2App.h" />
		<Unit filename="tp2Main.cpp" />
		<Unit filename="tp2Main.h" />
		<Extensions>
			<envvars />
			<code_completion />
			<debugger />
			<lib_finder disable_auto="1">
				<lib name="opencv" />
			</lib_finder>
		</Extensions>
	</Project>
</CodeBlocks_project_file>
